
Microsoft Visual Studio Solution File, Format Version 12.00
# Visual Studio 15
VisualStudioVersion = 15.0.27428.2043
MinimumVisualStudioVersion = 10.0.40219.1
Project("{FAE04EC0-301F-11D3-BF4B-00C04F79EFBC}") = "GraphTraverse", "GraphTraverse\GraphTraverse.csproj", "{398C1C13-1248-4C84-B056-E471C3CB3A68}"
EndProject
Global
	GlobalSection(SolutionConfigurationPlatforms) = preSolution
		Debug|Any CPU = Debug|Any CPU
		Release|Any CPU = Release|Any CPU
	EndGlobalSection
	GlobalSection(ProjectConfigurationPlatforms) = postSolution
		{398C1C13-1248-4C84-B056-E471C3CB3A68}.Debug|Any CPU.ActiveCfg = Debug|Any CPU
		{398C1C13-1248-4C84-B056-E471C3CB3A68}.Debug|Any CPU.Build.0 = Debug|Any CPU
		{398C1C13-1248-4C84-B056-E471C3CB3A68}.Release|Any CPU.ActiveCfg = Release|Any CPU
		{398C1C13-1248-4C84-B056-E471C3CB3A68}.Release|Any CPU.Build.0 = Release|Any CPU
	EndGlobalSection
	GlobalSection(SolutionProperties) = preSolution
		HideSolutionNode = FALSE
	EndGlobalSection
	GlobalSection(ExtensibilityGlobals) = postSolution
		SolutionGuid = {33DC8EDD-C46A-4E7B-929C-0CB299BC3D3A}
	EndGlobalSection
EndGlobal
